
Microsoft Visual Studio Solution File, Format Version 12.00
# Visual Studio Version 16
VisualStudioVersion = 16.0.31205.134
MinimumVisualStudioVersion = 10.0.40219.1
Project("{9A19103F-16F7-4668-BE54-9A1E7A4F7556}") = "ZTI.Tools", "ZTI.Tools\ZTI.Tools.csproj", "{4AD71964-EABE-4B4D-AD9E-3473852782C4}"
EndProject
Project("{9A19103F-16F7-4668-BE54-9A1E7A4F7556}") = "ZTI.Tools.WPF", "ZTI.Tools.WPF\ZTI.Tools.WPF.csproj", "{539C685F-3A92-412B-87C3-319D6CB9ACA6}"
EndProject
Project("{FAE04EC0-301F-11D3-BF4B-00C04F79EFBC}") = "ZTI.Tools.WPF.Test", "ZTI.Tools.WPF.Test\ZTI.Tools.WPF.Test.csproj", "{3E58932B-7D97-4529-B28E-680016C0F7D0}"
EndProject
Global
	GlobalSection(SolutionConfigurationPlatforms) = preSolution
		Debug|Any CPU = Debug|Any CPU
		Release|Any CPU = Release|Any CPU
	EndGlobalSection
	GlobalSection(ProjectConfigurationPlatforms) = postSolution
		{4AD71964-EABE-4B4D-AD9E-3473852782C4}.Debug|Any CPU.ActiveCfg = Debug|Any CPU
		{4AD71964-EABE-4B4D-AD9E-3473852782C4}.Debug|Any CPU.Build.0 = Debug|Any CPU
		{4AD71964-EABE-4B4D-AD9E-3473852782C4}.Release|Any CPU.ActiveCfg = Release|Any CPU
		{4AD71964-EABE-4B4D-AD9E-3473852782C4}.Release|Any CPU.Build.0 = Release|Any CPU
		{539C685F-3A92-412B-87C3-319D6CB9ACA6}.Debug|Any CPU.ActiveCfg = Debug|Any CPU
		{539C685F-3A92-412B-87C3-319D6CB9ACA6}.Debug|Any CPU.Build.0 = Debug|Any CPU
		{539C685F-3A92-412B-87C3-319D6CB9ACA6}.Release|Any CPU.ActiveCfg = Release|Any CPU
		{539C685F-3A92-412B-87C3-319D6CB9ACA6}.Release|Any CPU.Build.0 = Release|Any CPU
		{3E58932B-7D97-4529-B28E-680016C0F7D0}.Debug|Any CPU.ActiveCfg = Debug|Any CPU
		{3E58932B-7D97-4529-B28E-680016C0F7D0}.Debug|Any CPU.Build.0 = Debug|Any CPU
		{3E58932B-7D97-4529-B28E-680016C0F7D0}.Release|Any CPU.ActiveCfg = Release|Any CPU
		{3E58932B-7D97-4529-B28E-680016C0F7D0}.Release|Any CPU.Build.0 = Release|Any CPU
	EndGlobalSection
	GlobalSection(SolutionProperties) = preSolution
		HideSolutionNode = FALSE
	EndGlobalSection
	GlobalSection(ExtensibilityGlobals) = postSolution
		SolutionGuid = {64B51949-9253-494D-9CD8-53DDC7A9846E}
	EndGlobalSection
EndGlobal
